// !$*UTF8*$!
{
	archiveVersion = 1;
	classes = {
	};
	objectVersion = 50;
	objects = {

/* Begin PBXFileReference section */
		B83BA8B5231137A3004FE6AE /* lsproto.c */ = {isa = PBXFileReference; lastKnownFileType = sourcecode.c.c; path = lsproto.c; sourceTree = "<group>"; };
		B83BA8B6231137A3004FE6AE /* sproto.c */ = {isa = PBXFileReference; lastKnownFileType = sourcecode.c.c; path = sproto.c; sourceTree = "<group>"; };
		B83BA8B7231137A3004FE6AE /* LICENSE */ = {isa = PBXFileReference; lastKnownFileType = text; path = LICENSE; sourceTree = "<group>"; };
		B83BA8B8231137A3004FE6AE /* Makefile */ = {isa = PBXFileReference; lastKnownFileType = sourcecode.make; path = Makefile; sourceTree = "<group>"; };
		B83BA8B9231137A3004FE6AE /* testrpc.lua */ = {isa = PBXFileReference; lastKnownFileType = text; path = testrpc.lua; sourceTree = "<group>"; };
		B83BA8BA231137A3004FE6AE /* sprotoparser.lua */ = {isa = PBXFileReference; lastKnownFileType = text; path = sprotoparser.lua; sourceTree = "<group>"; };
		B83BA8BB231137A3004FE6AE /* sproto.lua */ = {isa = PBXFileReference; lastKnownFileType = text; path = sproto.lua; sourceTree = "<group>"; };
		B83BA8BC231137A3004FE6AE /* README.md */ = {isa = PBXFileReference; lastKnownFileType = net.daringfireball.markdown; path = README.md; sourceTree = "<group>"; };
		B83BA8BD231137A3004FE6AE /* test.lua */ = {isa = PBXFileReference; lastKnownFileType = text; path = test.lua; sourceTree = "<group>"; };
		B83BA8BE231137A3004FE6AE /* msvcint.h */ = {isa = PBXFileReference; lastKnownFileType = sourcecode.c.h; path = msvcint.h; sourceTree = "<group>"; };
		B83BA8BF231137A3004FE6AE /* sproto.h */ = {isa = PBXFileReference; lastKnownFileType = sourcecode.c.h; path = sproto.h; sourceTree = "<group>"; };
		B83BA8C0231137A3004FE6AE /* testall.lua */ = {isa = PBXFileReference; lastKnownFileType = text; path = testall.lua; sourceTree = "<group>"; };
		B83BA8C1231137A3004FE6AE /* print_r.lua */ = {isa = PBXFileReference; lastKnownFileType = text; path = print_r.lua; sourceTree = "<group>"; };
/* End PBXFileReference section */

/* Begin PBXGroup section */
		B83BA8AF231137A3004FE6AE = {
			isa = PBXGroup;
			children = (
				B83BA8B5231137A3004FE6AE /* lsproto.c */,
				B83BA8B6231137A3004FE6AE /* sproto.c */,
				B83BA8B7231137A3004FE6AE /* LICENSE */,
				B83BA8B8231137A3004FE6AE /* Makefile */,
				B83BA8B9231137A3004FE6AE /* testrpc.lua */,
				B83BA8BA231137A3004FE6AE /* sprotoparser.lua */,
				B83BA8BB231137A3004FE6AE /* sproto.lua */,
				B83BA8BC231137A3004FE6AE /* README.md */,
				B83BA8BD231137A3004FE6AE /* test.lua */,
				B83BA8BE231137A3004FE6AE /* msvcint.h */,
				B83BA8BF231137A3004FE6AE /* sproto.h */,
				B83BA8C0231137A3004FE6AE /* testall.lua */,
				B83BA8C1231137A3004FE6AE /* print_r.lua */,
			);
			sourceTree = "<group>";
		};
/* End PBXGroup section */

/* Begin PBXLegacyTarget section */
		B83BA8B4231137A3004FE6AE /* sproto */ = {
			isa = PBXLegacyTarget;
			buildArgumentsString = "$(ACTION)";
			buildConfigurationList = B83BA8C2231137A3004FE6AE /* Build configuration list for PBXLegacyTarget "sproto" */;
			buildPhases = (
			);
			buildToolPath = /usr/bin/make;
			buildWorkingDirectory = /Users/xilei/Dev/github.com/hugebug4ever/tolua_runtime/sproto;
			dependencies = (
			);
			name = sproto;
			passBuildSettingsInEnvironment = 1;
			productName = sproto;
		};
/* End PBXLegacyTarget section */

/* Begin PBXProject section */
		B83BA8B0231137A3004FE6AE /* Project object */ = {
			isa = PBXProject;
			attributes = {
			};
			buildConfigurationList = B83BA8B3231137A3004FE6AE /* Build configuration list for PBXProject "sproto" */;
			compatibilityVersion = "Xcode 9.3";
			developmentRegion = en;
			hasScannedForEncodings = 0;
			knownRegions = (
				en,
			);
			mainGroup = B83BA8AF231137A3004FE6AE;
			projectDirPath = "";
			projectRoot = "";
			targets = (
				B83BA8B4231137A3004FE6AE /* sproto */,
			);
		};
/* End PBXProject section */

/* Begin XCBuildConfiguration section */
		B83BA8B1231137A3004FE6AE /* Debug */ = {
			isa = XCBuildConfiguration;
			buildSettings = {
				ARCHS = "$(ARCHS_STANDARD_32_BIT)";
				COPY_PHASE_STRIP = NO;
				GCC_WARN_ABOUT_RETURN_TYPE = YES;
				GCC_WARN_UNUSED_VARIABLE = YES;
				ONLY_ACTIVE_ARCH = YES;
				SDKROOT = macosx10.6;
			};
			name = Debug;
		};
		B83BA8B2231137A3004FE6AE /* Release */ = {
			isa = XCBuildConfiguration;
			buildSettings = {
				ARCHS = "$(ARCHS_STANDARD_32_BIT)";
				COPY_PHASE_STRIP = YES;
				GCC_WARN_ABOUT_RETURN_TYPE = YES;
				GCC_WARN_UNUSED_VARIABLE = YES;
				SDKROOT = macosx10.6;
			};
			name = Release;
		};
		B83BA8C3231137A3004FE6AE /* Debug */ = {
			isa = XCBuildConfiguration;
			buildSettings = {
				COPY_PHASE_STRIP = NO;
				DEBUGGING_SYMBOLS = YES;
				GCC_DYNAMIC_NO_PIC = NO;
				GCC_ENABLE_FIX_AND_CONTINUE = YES;
				GCC_GENERATE_DEBUGGING_SYMBOLS = YES;
				GCC_OPTIMIZATION_LEVEL = 0;
				OTHER_CFLAGS = "";
				OTHER_LDFLAGS = "";
				PRODUCT_NAME = sproto;
			};
			name = Debug;
		};
		B83BA8C4231137A3004FE6AE /* Release */ = {
			isa = XCBuildConfiguration;
			buildSettings = {
				COPY_PHASE_STRIP = YES;
				DEBUG_INFORMATION_FORMAT = "dwarf-with-dsym";
				GCC_ENABLE_FIX_AND_CONTINUE = NO;
				OTHER_CFLAGS = "";
				OTHER_LDFLAGS = "";
				PRODUCT_NAME = sproto;
			};
			name = Release;
		};
/* End XCBuildConfiguration section */

/* Begin XCConfigurationList section */
		B83BA8B3231137A3004FE6AE /* Build configuration list for PBXProject "sproto" */ = {
			isa = XCConfigurationList;
			buildConfigurations = (
				B83BA8B1231137A3004FE6AE /* Debug */,
				B83BA8B2231137A3004FE6AE /* Release */,
			);
			defaultConfigurationIsVisible = 0;
			defaultConfigurationName = Release;
		};
		B83BA8C2231137A3004FE6AE /* Build configuration list for PBXLegacyTarget "sproto" */ = {
			isa = XCConfigurationList;
			buildConfigurations = (
				B83BA8C3231137A3004FE6AE /* Debug */,
				B83BA8C4231137A3004FE6AE /* Release */,
			);
			defaultConfigurationIsVisible = 0;
			defaultConfigurationName = Release;
		};
/* End XCConfigurationList section */
	};
	rootObject = B83BA8B0231137A3004FE6AE /* Project object */;
}
